
Microsoft Visual Studio Solution File, Format Version 12.00
# Visual Studio Version 17
VisualStudioVersion = 17.3.32922.545
MinimumVisualStudioVersion = 10.0.40219.1
Project("{FAE04EC0-301F-11D3-BF4B-00C04F79EFBC}") = "BinaryTreeLibrary2", "BinaryTreeLibrary2\BinaryTreeLibrary2.csproj", "{FEE04822-F490-446B-BF75-2836806193F2}"
EndProject
Global
	GlobalSection(SolutionConfigurationPlatforms) = preSolution
		Debug|Any CPU = Debug|Any CPU
		Release|Any CPU = Release|Any CPU
	EndGlobalSection
	GlobalSection(ProjectConfigurationPlatforms) = postSolution
		{FEE04822-F490-446B-BF75-2836806193F2}.Debug|Any CPU.ActiveCfg = Debug|Any CPU
		{FEE04822-F490-446B-BF75-2836806193F2}.Debug|Any CPU.Build.0 = Debug|Any CPU
		{FEE04822-F490-446B-BF75-2836806193F2}.Release|Any CPU.ActiveCfg = Release|Any CPU
		{FEE04822-F490-446B-BF75-2836806193F2}.Release|Any CPU.Build.0 = Release|Any CPU
	EndGlobalSection
	GlobalSection(SolutionProperties) = preSolution
		HideSolutionNode = FALSE
	EndGlobalSection
	GlobalSection(ExtensibilityGlobals) = postSolution
		SolutionGuid = {1C4411D6-EE4A-4A0D-9445-1D9A44EA103C}
	EndGlobalSection
EndGlobal
